
Microsoft Visual Studio Solution File, Format Version 12.00
# Visual Studio Version 16
VisualStudioVersion = 16.0.32901.82
MinimumVisualStudioVersion = 10.0.40219.1
Project("{8BC9CEB8-8B4A-11D0-8D11-00A0C91BC942}") = "msg_send", "msg_send\msg_send.vcxproj", "{1B3C0000-EA7F-4D27-B56B-EAE4889F6D95}"
EndProject
Global
	GlobalSection(SolutionConfigurationPlatforms) = preSolution
		Debug|x64 = Debug|x64
		Debug|x86 = Debug|x86
		Release|x64 = Release|x64
		Release|x86 = Release|x86
	EndGlobalSection
	GlobalSection(ProjectConfigurationPlatforms) = postSolution
		{1B3C0000-EA7F-4D27-B56B-EAE4889F6D95}.Debug|x64.ActiveCfg = Debug|x64
		{1B3C0000-EA7F-4D27-B56B-EAE4889F6D95}.Debug|x64.Build.0 = Debug|x64
		{1B3C0000-EA7F-4D27-B56B-EAE4889F6D95}.Debug|x86.ActiveCfg = Debug|Win32
		{1B3C0000-EA7F-4D27-B56B-EAE4889F6D95}.Debug|x86.Build.0 = Debug|Win32
		{1B3C0000-EA7F-4D27-B56B-EAE4889F6D95}.Release|x64.ActiveCfg = Release|x64
		{1B3C0000-EA7F-4D27-B56B-EAE4889F6D95}.Release|x64.Build.0 = Release|x64
		{1B3C0000-EA7F-4D27-B56B-EAE4889F6D95}.Release|x86.ActiveCfg = Release|Win32
		{1B3C0000-EA7F-4D27-B56B-EAE4889F6D95}.Release|x86.Build.0 = Release|Win32
	EndGlobalSection
	GlobalSection(SolutionProperties) = preSolution
		HideSolutionNode = FALSE
	EndGlobalSection
	GlobalSection(ExtensibilityGlobals) = postSolution
		SolutionGuid = {711A4105-2539-441F-9234-01232E0E2FFA}
	EndGlobalSection
EndGlobal
